// !$*UTF8*$!
{
	archiveVersion = 1;
	classes = {
	};
	objectVersion = 56;
	objects = {

/* Begin PBXBuildFile section */
		0DC2FF8829980BC700CF98E5 /* Game_to_memorizeeApp.swift in Sources */ = {isa = PBXBuildFile; fileRef = 0DC2FF8729980BC700CF98E5 /* Game_to_memorizeeApp.swift */; };
		0DC2FF8A29980BC700CF98E5 /* ContentView.swift in Sources */ = {isa = PBXBuildFile; fileRef = 0DC2FF8929980BC700CF98E5 /* ContentView.swift */; };
		0DC2FF8C29980BCE00CF98E5 /* Assets.xcassets in Resources */ = {isa = PBXBuildFile; fileRef = 0DC2FF8B29980BCE00CF98E5 /* Assets.xcassets */; };
		0DC2FF8F29980BCE00CF98E5 /* Preview Assets.xcassets in Resources */ = {isa = PBXBuildFile; fileRef = 0DC2FF8E29980BCE00CF98E5 /* Preview Assets.xcassets */; };
		0DC2FF9929980BCF00CF98E5 /* Game_to_memorizeeTests.swift in Sources */ = {isa = PBXBuildFile; fileRef = 0DC2FF9829980BCF00CF98E5 /* Game_to_memorizeeTests.swift */; };
		0DC2FFA329980BCF00CF98E5 /* Game_to_memorizeeUITests.swift in Sources */ = {isa = PBXBuildFile; fileRef = 0DC2FFA229980BCF00CF98E5 /* Game_to_memorizeeUITests.swift */; };
		0DC2FFA529980BCF00CF98E5 /* Game_to_memorizeeUITestsLaunchTests.swift in Sources */ = {isa = PBXBuildFile; fileRef = 0DC2FFA429980BCF00CF98E5 /* Game_to_memorizeeUITestsLaunchTests.swift */; };
/* End PBXBuildFile section */

/* Begin PBXContainerItemProxy section */
		0DC2FF9529980BCF00CF98E5 /* PBXContainerItemProxy */ = {
			isa = PBXContainerItemProxy;
			containerPortal = 0DC2FF7C29980BC700CF98E5 /* Project object */;
			proxyType = 1;
			remoteGlobalIDString = 0DC2FF8329980BC700CF98E5;
			remoteInfo = "Game to memorizee";
		};
		0DC2FF9F29980BCF00CF98E5 /* PBXContainerItemProxy */ = {
			isa = PBXContainerItemProxy;
			containerPortal = 0DC2FF7C29980BC700CF98E5 /* Project object */;
			proxyType = 1;
			remoteGlobalIDString = 0DC2FF8329980BC700CF98E5;
			remoteInfo = "Game to memorizee";
		};
/* End PBXContainerItemProxy section */

/* Begin PBXFileReference section */
		0DC2FF8429980BC700CF98E5 /* Game to memorizee.app */ = {isa = PBXFileReference; explicitFileType = wrapper.application; includeInIndex = 0; path = "Game to memorizee.app"; sourceTree = BUILT_PRODUCTS_DIR; };
		0DC2FF8729980BC700CF98E5 /* Game_to_memorizeeApp.swift */ = {isa = PBXFileReference; lastKnownFileType = sourcecode.swift; path = Game_to_memorizeeApp.swift; sourceTree = "<group>"; };
		0DC2FF8929980BC700CF98E5 /* ContentView.swift */ = {isa = PBXFileReference; lastKnownFileType = sourcecode.swift; path = ContentView.swift; sourceTree = "<group>"; };
		0DC2FF8B29980BCE00CF98E5 /* Assets.xcassets */ = {isa = PBXFileReference; lastKnownFileType = folder.assetcatalog; path = Assets.xcassets; sourceTree = "<group>"; };
		0DC2FF8E29980BCE00CF98E5 /* Preview Assets.xcassets */ = {isa = PBXFileReference; lastKnownFileType = folder.assetcatalog; path = "Preview Assets.xcassets"; sourceTree = "<group>"; };
		0DC2FF9429980BCF00CF98E5 /* Game to memorizeeTests.xctest */ = {isa = PBXFileReference; explicitFileType = wrapper.cfbundle; includeInIndex = 0; path = "Game to memorizeeTests.xctest"; sourceTree = BUILT_PRODUCTS_DIR; };
		0DC2FF9829980BCF00CF98E5 /* Game_to_memorizeeTests.swift */ = {isa = PBXFileReference; lastKnownFileType = sourcecode.swift; path = Game_to_memorizeeTests.swift; sourceTree = "<group>"; };
		0DC2FF9E29980BCF00CF98E5 /* Game to memorizeeUITests.xctest */ = {isa = PBXFileReference; explicitFileType = wrapper.cfbundle; includeInIndex = 0; path = "Game to memorizeeUITests.xctest"; sourceTree = BUILT_PRODUCTS_DIR; };
		0DC2FFA229980BCF00CF98E5 /* Game_to_memorizeeUITests.swift */ = {isa = PBXFileReference; lastKnownFileType = sourcecode.swift; path = Game_to_memorizeeUITests.swift; sourceTree = "<group>"; };
		0DC2FFA429980BCF00CF98E5 /* Game_to_memorizeeUITestsLaunchTests.swift */ = {isa = PBXFileReference; lastKnownFileType = sourcecode.swift; path = Game_to_memorizeeUITestsLaunchTests.swift; sourceTree = "<group>"; };
/* End PBXFileReference section */

/* Begin PBXFrameworksBuildPhase section */
		0DC2FF8129980BC700CF98E5 /* Frameworks */ = {
			isa = PBXFrameworksBuildPhase;
			buildActionMask = 2147483647;
			files = (
			);
			runOnlyForDeploymentPostprocessing = 0;
		};
		0DC2FF9129980BCF00CF98E5 /* Frameworks */ = {
			isa = PBXFrameworksBuildPhase;
			buildActionMask = 2147483647;
			files = (
			);
			runOnlyForDeploymentPostprocessing = 0;
		};
		0DC2FF9B29980BCF00CF98E5 /* Frameworks */ = {
			isa = PBXFrameworksBuildPhase;
			buildActionMask = 2147483647;
			files = (
			);
			runOnlyForDeploymentPostprocessing = 0;
		};
/* End PBXFrameworksBuildPhase section */

/* Begin PBXGroup section */
		0DC2FF7B29980BC700CF98E5 = {
			isa = PBXGroup;
			children = (
				0DC2FF8629980BC700CF98E5 /* Game to memorizee */,
				0DC2FF9729980BCF00CF98E5 /* Game to memorizeeTests */,
				0DC2FFA129980BCF00CF98E5 /* Game to memorizeeUITests */,
				0DC2FF8529980BC700CF98E5 /* Products */,
			);
			sourceTree = "<group>";
		};
		0DC2FF8529980BC700CF98E5 /* Products */ = {
			isa = PBXGroup;
			children = (
				0DC2FF8429980BC700CF98E5 /* Game to memorizee.app */,
				0DC2FF9429980BCF00CF98E5 /* Game to memorizeeTests.xctest */,
				0DC2FF9E29980BCF00CF98E5 /* Game to memorizeeUITests.xctest */,
			);
			name = Products;
			sourceTree = "<group>";
		};
		0DC2FF8629980BC700CF98E5 /* Game to memorizee */ = {
			isa = PBXGroup;
			children = (
				0DC2FF8729980BC700CF98E5 /* Game_to_memorizeeApp.swift */,
				0DC2FF8929980BC700CF98E5 /* ContentView.swift */,
				0DC2FF8B29980BCE00CF98E5 /* Assets.xcassets */,
				0DC2FF8D29980BCE00CF98E5 /* Preview Content */,
			);
			path = "Game to memorizee";
			sourceTree = "<group>";
		};
		0DC2FF8D29980BCE00CF98E5 /* Preview Content */ = {
			isa = PBXGroup;
			children = (
				0DC2FF8E29980BCE00CF98E5 /* Preview Assets.xcassets */,
			);
			path = "Preview Content";
			sourceTree = "<group>";
		};
		0DC2FF9729980BCF00CF98E5 /* Game to memorizeeTests */ = {
			isa = PBXGroup;
			children = (
				0DC2FF9829980BCF00CF98E5 /* Game_to_memorizeeTests.swift */,
			);
			path = "Game to memorizeeTests";
			sourceTree = "<group>";
		};
		0DC2FFA129980BCF00CF98E5 /* Game to memorizeeUITests */ = {
			isa = PBXGroup;
			children = (
				0DC2FFA229980BCF00CF98E5 /* Game_to_memorizeeUITests.swift */,
				0DC2FFA429980BCF00CF98E5 /* Game_to_memorizeeUITestsLaunchTests.swift */,
			);
			path = "Game to memorizeeUITests";
			sourceTree = "<group>";
		};
/* End PBXGroup section */

/* Begin PBXNativeTarget section */
		0DC2FF8329980BC700CF98E5 /* Game to memorizee */ = {
			isa = PBXNativeTarget;
			buildConfigurationList = 0DC2FFA829980BCF00CF98E5 /* Build configuration list for PBXNativeTarget "Game to memorizee" */;
			buildPhases = (
				0DC2FF8029980BC700CF98E5 /* Sources */,
				0DC2FF8129980BC700CF98E5 /* Frameworks */,
				0DC2FF8229980BC700CF98E5 /* Resources */,
			);
			buildRules = (
			);
			dependencies = (
			);
			name = "Game to memorizee";
			productName = "Game to memorizee";
			productReference = 0DC2FF8429980BC700CF98E5 /* Game to memorizee.app */;
			productType = "com.apple.product-type.application";
		};
		0DC2FF9329980BCF00CF98E5 /* Game to memorizeeTests */ = {
			isa = PBXNativeTarget;
			buildConfigurationList = 0DC2FFAB29980BCF00CF98E5 /* Build configuration list for PBXNativeTarget "Game to memorizeeTests" */;
			buildPhases = (
				0DC2FF9029980BCF00CF98E5 /* Sources */,
				0DC2FF9129980BCF00CF98E5 /* Frameworks */,
				0DC2FF9229980BCF00CF98E5 /* Resources */,
			);
			buildRules = (
			);
			dependencies = (
				0DC2FF9629980BCF00CF98E5 /* PBXTargetDependency */,
			);
			name = "Game to memorizeeTests";
			productName = "Game to memorizeeTests";
			productReference = 0DC2FF9429980BCF00CF98E5 /* Game to memorizeeTests.xctest */;
			productType = "com.apple.product-type.bundle.unit-test";
		};
		0DC2FF9D29980BCF00CF98E5 /* Game to memorizeeUITests */ = {
			isa = PBXNativeTarget;
			buildConfigurationList = 0DC2FFAE29980BCF00CF98E5 /* Build configuration list for PBXNativeTarget "Game to memorizeeUITests" */;
			buildPhases = (
				0DC2FF9A29980BCF00CF98E5 /* Sources */,
				0DC2FF9B29980BCF00CF98E5 /* Frameworks */,
				0DC2FF9C29980BCF00CF98E5 /* Resources */,
			);
			buildRules = (
			);
			dependencies = (
				0DC2FFA029980BCF00CF98E5 /* PBXTargetDependency */,
			);
			name = "Game to memorizeeUITests";
			productName = "Game to memorizeeUITests";
			productReference = 0DC2FF9E29980BCF00CF98E5 /* Game to memorizeeUITests.xctest */;
			productType = "com.apple.product-type.bundle.ui-testing";
		};
/* End PBXNativeTarget section */

/* Begin PBXProject section */
		0DC2FF7C29980BC700CF98E5 /* Project object */ = {
			isa = PBXProject;
			attributes = {
				BuildIndependentTargetsInParallel = 1;
				LastSwiftUpdateCheck = 1420;
				LastUpgradeCheck = 1420;
				TargetAttributes = {
					0DC2FF8329980BC700CF98E5 = {
						CreatedOnToolsVersion = 14.2;
					};
					0DC2FF9329980BCF00CF98E5 = {
						CreatedOnToolsVersion = 14.2;
						TestTargetID = 0DC2FF8329980BC700CF98E5;
					};
					0DC2FF9D29980BCF00CF98E5 = {
						CreatedOnToolsVersion = 14.2;
						TestTargetID = 0DC2FF8329980BC700CF98E5;
					};
				};
			};
			buildConfigurationList = 0DC2FF7F29980BC700CF98E5 /* Build configuration list for PBXProject "Game to memorizee" */;
			compatibilityVersion = "Xcode 14.0";
			developmentRegion = en;
			hasScannedForEncodings = 0;
			knownRegions = (
				en,
				Base,
			);
			mainGroup = 0DC2FF7B29980BC700CF98E5;
			productRefGroup = 0DC2FF8529980BC700CF98E5 /* Products */;
			projectDirPath = "";
			projectRoot = "";
			targets = (
				0DC2FF8329980BC700CF98E5 /* Game to memorizee */,
				0DC2FF9329980BCF00CF98E5 /* Game to memorizeeTests */,
				0DC2FF9D29980BCF00CF98E5 /* Game to memorizeeUITests */,
			);
		};
/* End PBXProject section */

/* Begin PBXResourcesBuildPhase section */
		0DC2FF8229980BC700CF98E5 /* Resources */ = {
			isa = PBXResourcesBuildPhase;
			buildActionMask = 2147483647;
			files = (
				0DC2FF8F29980BCE00CF98E5 /* Preview Assets.xcassets in Resources */,
				0DC2FF8C29980BCE00CF98E5 /* Assets.xcassets in Resources */,
			);
			runOnlyForDeploymentPostprocessing = 0;
		};
		0DC2FF9229980BCF00CF98E5 /* Resources */ = {
			isa = PBXResourcesBuildPhase;
			buildActionMask = 2147483647;
			files = (
			);
			runOnlyForDeploymentPostprocessing = 0;
		};
		0DC2FF9C29980BCF00CF98E5 /* Resources */ = {
			isa = PBXResourcesBuildPhase;
			buildActionMask = 2147483647;
			files = (
			);
			runOnlyForDeploymentPostprocessing = 0;
		};
/* End PBXResourcesBuildPhase section */

/* Begin PBXSourcesBuildPhase section */
		0DC2FF8029980BC700CF98E5 /* Sources */ = {
			isa = PBXSourcesBuildPhase;
			buildActionMask = 2147483647;
			files = (
				0DC2FF8A29980BC700CF98E5 /* ContentView.swift in Sources */,
				0DC2FF8829980BC700CF98E5 /* Game_to_memorizeeApp.swift in Sources */,
			);
			runOnlyForDeploymentPostprocessing = 0;
		};
		0DC2FF9029980BCF00CF98E5 /* Sources */ = {
			isa = PBXSourcesBuildPhase;
			buildActionMask = 2147483647;
			files = (
				0DC2FF9929980BCF00CF98E5 /* Game_to_memorizeeTests.swift in Sources */,
			);
			runOnlyForDeploymentPostprocessing = 0;
		};
		0DC2FF9A29980BCF00CF98E5 /* Sources */ = {
			isa = PBXSourcesBuildPhase;
			buildActionMask = 2147483647;
			files = (
				0DC2FFA329980BCF00CF98E5 /* Game_to_memorizeeUITests.swift in Sources */,
				0DC2FFA529980BCF00CF98E5 /* Game_to_memorizeeUITestsLaunchTests.swift in Sources */,
			);
			runOnlyForDeploymentPostprocessing = 0;
		};
/* End PBXSourcesBuildPhase section */

/* Begin PBXTargetDependency section */
		0DC2FF9629980BCF00CF98E5 /* PBXTargetDependency */ = {
			isa = PBXTargetDependency;
			target = 0DC2FF8329980BC700CF98E5 /* Game to memorizee */;
			targetProxy = 0DC2FF9529980BCF00CF98E5 /* PBXContainerItemProxy */;
		};
		0DC2FFA029980BCF00CF98E5 /* PBXTargetDependency */ = {
			isa = PBXTargetDependency;
			target = 0DC2FF8329980BC700CF98E5 /* Game to memorizee */;
			targetProxy = 0DC2FF9F29980BCF00CF98E5 /* PBXContainerItemProxy */;
		};
/* End PBXTargetDependency section */

/* Begin XCBuildConfiguration section */
		0DC2FFA629980BCF00CF98E5 /* Debug */ = {
			isa = XCBuildConfiguration;
			buildSettings = {
				ALWAYS_SEARCH_USER_PATHS = NO;
				CLANG_ANALYZER_NONNULL = YES;
				CLANG_ANALYZER_NUMBER_OBJECT_CONVERSION = YES_AGGRESSIVE;
				CLANG_CXX_LANGUAGE_STANDARD = "gnu++20";
				CLANG_ENABLE_MODULES = YES;
				CLANG_ENABLE_OBJC_ARC = YES;
				CLANG_ENABLE_OBJC_WEAK = YES;
				CLANG_WARN_BLOCK_CAPTURE_AUTORELEASING = YES;
				CLANG_WARN_BOOL_CONVERSION = YES;
				CLANG_WARN_COMMA = YES;
				CLANG_WARN_CONSTANT_CONVERSION = YES;
				CLANG_WARN_DEPRECATED_OBJC_IMPLEMENTATIONS = YES;
				CLANG_WARN_DIRECT_OBJC_ISA_USAGE = YES_ERROR;
				CLANG_WARN_DOCUMENTATION_COMMENTS = YES;
				CLANG_WARN_EMPTY_BODY = YES;
				CLANG_WARN_ENUM_CONVERSION = YES;
				CLANG_WARN_INFINITE_RECURSION = YES;
				CLANG_WARN_INT_CONVERSION = YES;
				CLANG_WARN_NON_LITERAL_NULL_CONVERSION = YES;
				CLANG_WARN_OBJC_IMPLICIT_RETAIN_SELF = YES;
				CLANG_WARN_OBJC_LITERAL_CONVERSION = YES;
				CLANG_WARN_OBJC_ROOT_CLASS = YES_ERROR;
				CLANG_WARN_QUOTED_INCLUDE_IN_FRAMEWORK_HEADER = YES;
				CLANG_WARN_RANGE_LOOP_ANALYSIS = YES;
				CLANG_WARN_STRICT_PROTOTYPES = YES;
				CLANG_WARN_SUSPICIOUS_MOVE = YES;
				CLANG_WARN_UNGUARDED_AVAILABILITY = YES_AGGRESSIVE;
				CLANG_WARN_UNREACHABLE_CODE = YES;
				CLANG_WARN__DUPLICATE_METHOD_MATCH = YES;
				COPY_PHASE_STRIP = NO;
				DEBUG_INFORMATION_FORMAT = dwarf;
				ENABLE_STRICT_OBJC_MSGSEND = YES;
				ENABLE_TESTABILITY = YES;
				GCC_C_LANGUAGE_STANDARD = gnu11;
				GCC_DYNAMIC_NO_PIC = NO;
				GCC_NO_COMMON_BLOCKS = YES;
				GCC_OPTIMIZATION_LEVEL = 0;
				GCC_PREPROCESSOR_DEFINITIONS = (
					"DEBUG=1",
					"$(inherited)",
				);
				GCC_WARN_64_TO_32_BIT_CONVERSION = YES;
				GCC_WARN_ABOUT_RETURN_TYPE = YES_ERROR;
				GCC_WARN_UNDECLARED_SELECTOR = YES;
				GCC_WARN_UNINITIALIZED_AUTOS = YES_AGGRESSIVE;
				GCC_WARN_UNUSED_FUNCTION = YES;
				GCC_WARN_UNUSED_VARIABLE = YES;
				IPHONEOS_DEPLOYMENT_TARGET = 16.2;
				MTL_ENABLE_DEBUG_INFO = INCLUDE_SOURCE;
				MTL_FAST_MATH = YES;
				ONLY_ACTIVE_ARCH = YES;
				SDKROOT = iphoneos;
				SWIFT_ACTIVE_COMPILATION_CONDITIONS = DEBUG;
				SWIFT_OPTIMIZATION_LEVEL = "-Onone";
			};
			name = Debug;
		};
		0DC2FFA729980BCF00CF98E5 /* Release */ = {
			isa = XCBuildConfiguration;
			buildSettings = {
				ALWAYS_SEARCH_USER_PATHS = NO;
				CLANG_ANALYZER_NONNULL = YES;
				CLANG_ANALYZER_NUMBER_OBJECT_CONVERSION = YES_AGGRESSIVE;
				CLANG_CXX_LANGUAGE_STANDARD = "gnu++20";
				CLANG_ENABLE_MODULES = YES;
				CLANG_ENABLE_OBJC_ARC = YES;
				CLANG_ENABLE_OBJC_WEAK = YES;
				CLANG_WARN_BLOCK_CAPTURE_AUTORELEASING = YES;
				CLANG_WARN_BOOL_CONVERSION = YES;
				CLANG_WARN_COMMA = YES;
				CLANG_WARN_CONSTANT_CONVERSION = YES;
				CLANG_WARN_DEPRECATED_OBJC_IMPLEMENTATIONS = YES;
				CLANG_WARN_DIRECT_OBJC_ISA_USAGE = YES_ERROR;
				CLANG_WARN_DOCUMENTATION_COMMENTS = YES;
				CLANG_WARN_EMPTY_BODY = YES;
				CLANG_WARN_ENUM_CONVERSION = YES;
				CLANG_WARN_INFINITE_RECURSION = YES;
				CLANG_WARN_INT_CONVERSION = YES;
				CLANG_WARN_NON_LITERAL_NULL_CONVERSION = YES;
				CLANG_WARN_OBJC_IMPLICIT_RETAIN_SELF = YES;
				CLANG_WARN_OBJC_LITERAL_CONVERSION = YES;
				CLANG_WARN_OBJC_ROOT_CLASS = YES_ERROR;
				CLANG_WARN_QUOTED_INCLUDE_IN_FRAMEWORK_HEADER = YES;
				CLANG_WARN_RANGE_LOOP_ANALYSIS = YES;
				CLANG_WARN_STRICT_PROTOTYPES = YES;
				CLANG_WARN_SUSPICIOUS_MOVE = YES;
				CLANG_WARN_UNGUARDED_AVAILABILITY = YES_AGGRESSIVE;
				CLANG_WARN_UNREACHABLE_CODE = YES;
				CLANG_WARN__DUPLICATE_METHOD_MATCH = YES;
				COPY_PHASE_STRIP = NO;
				DEBUG_INFORMATION_FORMAT = "dwarf-with-dsym";
				ENABLE_NS_ASSERTIONS = NO;
				ENABLE_STRICT_OBJC_MSGSEND = YES;
				GCC_C_LANGUAGE_STANDARD = gnu11;
				GCC_NO_COMMON_BLOCKS = YES;
				GCC_WARN_64_TO_32_BIT_CONVERSION = YES;
				GCC_WARN_ABOUT_RETURN_TYPE = YES_ERROR;
				GCC_WARN_UNDECLARED_SELECTOR = YES;
				GCC_WARN_UNINITIALIZED_AUTOS = YES_AGGRESSIVE;
				GCC_WARN_UNUSED_FUNCTION = YES;
				GCC_WARN_UNUSED_VARIABLE = YES;
				IPHONEOS_DEPLOYMENT_TARGET = 16.2;
				MTL_ENABLE_DEBUG_INFO = NO;
				MTL_FAST_MATH = YES;
				SDKROOT = iphoneos;
				SWIFT_COMPILATION_MODE = wholemodule;
				SWIFT_OPTIMIZATION_LEVEL = "-O";
				VALIDATE_PRODUCT = YES;
			};
			name = Release;
		};
		0DC2FFA929980BCF00CF98E5 /* Debug */ = {
			isa = XCBuildConfiguration;
			buildSettings = {
				ASSETCATALOG_COMPILER_APPICON_NAME = AppIcon;
				ASSETCATALOG_COMPILER_GLOBAL_ACCENT_COLOR_NAME = AccentColor;
				CODE_SIGN_STYLE = Automatic;
				CURRENT_PROJECT_VERSION = 1;
				DEVELOPMENT_ASSET_PATHS = "\"Game to memorizee/Preview Content\"";
				ENABLE_PREVIEWS = YES;
				GENERATE_INFOPLIST_FILE = YES;
				INFOPLIST_KEY_UIApplicationSceneManifest_Generation = YES;
				INFOPLIST_KEY_UIApplicationSupportsIndirectInputEvents = YES;
				INFOPLIST_KEY_UILaunchScreen_Generation = YES;
				INFOPLIST_KEY_UISupportedInterfaceOrientations_iPad = "UIInterfaceOrientationPortrait UIInterfaceOrientationPortraitUpsideDown UIInterfaceOrientationLandscapeLeft UIInterfaceOrientationLandscapeRight";
				INFOPLIST_KEY_UISupportedInterfaceOrientations_iPhone = "UIInterfaceOrientationPortrait UIInterfaceOrientationLandscapeLeft UIInterfaceOrientationLandscapeRight";
				LD_RUNPATH_SEARCH_PATHS = (
					"$(inherited)",
					"@executable_path/Frameworks",
				);
				MARKETING_VERSION = 1.0;
				PRODUCT_BUNDLE_IDENTIFIER = "Proto-tipo-2.Game-to-memorizee";
				PRODUCT_NAME = "$(TARGET_NAME)";
				SWIFT_EMIT_LOC_STRINGS = YES;
				SWIFT_VERSION = 5.0;
				TARGETED_DEVICE_FAMILY = "1,2";
			};
			name = Debug;
		};
		0DC2FFAA29980BCF00CF98E5 /* Release */ = {
			isa = XCBuildConfiguration;
			buildSettings = {
				ASSETCATALOG_COMPILER_APPICON_NAME = AppIcon;
				ASSETCATALOG_COMPILER_GLOBAL_ACCENT_COLOR_NAME = AccentColor;
				CODE_SIGN_STYLE = Automatic;
				CURRENT_PROJECT_VERSION = 1;
				DEVELOPMENT_ASSET_PATHS = "\"Game to memorizee/Preview Content\"";
				ENABLE_PREVIEWS = YES;
				GENERATE_INFOPLIST_FILE = YES;
				INFOPLIST_KEY_UIApplicationSceneManifest_Generation = YES;
				INFOPLIST_KEY_UIApplicationSupportsIndirectInputEvents = YES;
				INFOPLIST_KEY_UILaunchScreen_Generation = YES;
				INFOPLIST_KEY_UISupportedInterfaceOrientations_iPad = "UIInterfaceOrientationPortrait UIInterfaceOrientationPortraitUpsideDown UIInterfaceOrientationLandscapeLeft UIInterfaceOrientationLandscapeRight";
				INFOPLIST_KEY_UISupportedInterfaceOrientations_iPhone = "UIInterfaceOrientationPortrait UIInterfaceOrientationLandscapeLeft UIInterfaceOrientationLandscapeRight";
				LD_RUNPATH_SEARCH_PATHS = (
					"$(inherited)",
					"@executable_path/Frameworks",
				);
				MARKETING_VERSION = 1.0;
				PRODUCT_BUNDLE_IDENTIFIER = "Proto-tipo-2.Game-to-memorizee";
				PRODUCT_NAME = "$(TARGET_NAME)";
				SWIFT_EMIT_LOC_STRINGS = YES;
				SWIFT_VERSION = 5.0;
				TARGETED_DEVICE_FAMILY = "1,2";
			};
			name = Release;
		};
		0DC2FFAC29980BCF00CF98E5 /* Debug */ = {
			isa = XCBuildConfiguration;
			buildSettings = {
				ALWAYS_EMBED_SWIFT_STANDARD_LIBRARIES = YES;
				BUNDLE_LOADER = "$(TEST_HOST)";
				CODE_SIGN_STYLE = Automatic;
				CURRENT_PROJECT_VERSION = 1;
				GENERATE_INFOPLIST_FILE = YES;
				IPHONEOS_DEPLOYMENT_TARGET = 16.2;
				MARKETING_VERSION = 1.0;
				PRODUCT_BUNDLE_IDENTIFIER = "Proto-tipo-2.Game-to-memorizeeTests";
				PRODUCT_NAME = "$(TARGET_NAME)";
				SWIFT_EMIT_LOC_STRINGS = NO;
				SWIFT_VERSION = 5.0;
				TARGETED_DEVICE_FAMILY = "1,2";
				TEST_HOST = "$(BUILT_PRODUCTS_DIR)/Game to memorizee.app/$(BUNDLE_EXECUTABLE_FOLDER_PATH)/Game to memorizee";
			};
			name = Debug;
		};
		0DC2FFAD29980BCF00CF98E5 /* Release */ = {
			isa = XCBuildConfiguration;
			buildSettings = {
				ALWAYS_EMBED_SWIFT_STANDARD_LIBRARIES = YES;
				BUNDLE_LOADER = "$(TEST_HOST)";
				CODE_SIGN_STYLE = Automatic;
				CURRENT_PROJECT_VERSION = 1;
				GENERATE_INFOPLIST_FILE = YES;
				IPHONEOS_DEPLOYMENT_TARGET = 16.2;
				MARKETING_VERSION = 1.0;
				PRODUCT_BUNDLE_IDENTIFIER = "Proto-tipo-2.Game-to-memorizeeTests";
				PRODUCT_NAME = "$(TARGET_NAME)";
				SWIFT_EMIT_LOC_STRINGS = NO;
				SWIFT_VERSION = 5.0;
				TARGETED_DEVICE_FAMILY = "1,2";
				TEST_HOST = "$(BUILT_PRODUCTS_DIR)/Game to memorizee.app/$(BUNDLE_EXECUTABLE_FOLDER_PATH)/Game to memorizee";
			};
			name = Release;
		};
		0DC2FFAF29980BCF00CF98E5 /* Debug */ = {
			isa = XCBuildConfiguration;
			buildSettings = {
				ALWAYS_EMBED_SWIFT_STANDARD_LIBRARIES = YES;
				CODE_SIGN_STYLE = Automatic;
				CURRENT_PROJECT_VERSION = 1;
				GENERATE_INFOPLIST_FILE = YES;
				MARKETING_VERSION = 1.0;
				PRODUCT_BUNDLE_IDENTIFIER = "Proto-tipo-2.Game-to-memorizeeUITests";
				PRODUCT_NAME = "$(TARGET_NAME)";
				SWIFT_EMIT_LOC_STRINGS = NO;
				SWIFT_VERSION = 5.0;
				TARGETED_DEVICE_FAMILY = "1,2";
				TEST_TARGET_NAME = "Game to memorizee";
			};
			name = Debug;
		};
		0DC2FFB029980BCF00CF98E5 /* Release */ = {
			isa = XCBuildConfiguration;
			buildSettings = {
				ALWAYS_EMBED_SWIFT_STANDARD_LIBRARIES = YES;
				CODE_SIGN_STYLE = Automatic;
				CURRENT_PROJECT_VERSION = 1;
				GENERATE_INFOPLIST_FILE = YES;
				MARKETING_VERSION = 1.0;
				PRODUCT_BUNDLE_IDENTIFIER = "Proto-tipo-2.Game-to-memorizeeUITests";
				PRODUCT_NAME = "$(TARGET_NAME)";
				SWIFT_EMIT_LOC_STRINGS = NO;
				SWIFT_VERSION = 5.0;
				TARGETED_DEVICE_FAMILY = "1,2";
				TEST_TARGET_NAME = "Game to memorizee";
			};
			name = Release;
		};
/* End XCBuildConfiguration section */

/* Begin XCConfigurationList section */
		0DC2FF7F29980BC700CF98E5 /* Build configuration list for PBXProject "Game to memorizee" */ = {
			isa = XCConfigurationList;
			buildConfigurations = (
				0DC2FFA629980BCF00CF98E5 /* Debug */,
				0DC2FFA729980BCF00CF98E5 /* Release */,
			);
			defaultConfigurationIsVisible = 0;
			defaultConfigurationName = Release;
		};
		0DC2FFA829980BCF00CF98E5 /* Build configuration list for PBXNativeTarget "Game to memorizee" */ = {
			isa = XCConfigurationList;
			buildConfigurations = (
				0DC2FFA929980BCF00CF98E5 /* Debug */,
				0DC2FFAA29980BCF00CF98E5 /* Release */,
			);
			defaultConfigurationIsVisible = 0;
			defaultConfigurationName = Release;
		};
		0DC2FFAB29980BCF00CF98E5 /* Build configuration list for PBXNativeTarget "Game to memorizeeTests" */ = {
			isa = XCConfigurationList;
			buildConfigurations = (
				0DC2FFAC29980BCF00CF98E5 /* Debug */,
				0DC2FFAD29980BCF00CF98E5 /* Release */,
			);
			defaultConfigurationIsVisible = 0;
			defaultConfigurationName = Release;
		};
		0DC2FFAE29980BCF00CF98E5 /* Build configuration list for PBXNativeTarget "Game to memorizeeUITests" */ = {
			isa = XCConfigurationList;
			buildConfigurations = (
				0DC2FFAF29980BCF00CF98E5 /* Debug */,
				0DC2FFB029980BCF00CF98E5 /* Release */,
			);
			defaultConfigurationIsVisible = 0;
			defaultConfigurationName = Release;
		};
/* End XCConfigurationList section */
	};
	rootObject = 0DC2FF7C29980BC700CF98E5 /* Project object */;
}
